
Microsoft Visual Studio Solution File, Format Version 12.00
# Visual Studio Version 17
VisualStudioVersion = 17.1.32328.378
MinimumVisualStudioVersion = 10.0.40219.1
Project("{FAE04EC0-301F-11D3-BF4B-00C04F79EFBC}") = "KatjasConsoleapplication", "KatjasConsoleapplication\KatjasConsoleapplication.csproj", "{AFD18809-CF7C-44C3-A58B-2A5D4496E934}"
EndProject
Global
	GlobalSection(SolutionConfigurationPlatforms) = preSolution
		Debug|Any CPU = Debug|Any CPU
		Release|Any CPU = Release|Any CPU
	EndGlobalSection
	GlobalSection(ProjectConfigurationPlatforms) = postSolution
		{AFD18809-CF7C-44C3-A58B-2A5D4496E934}.Debug|Any CPU.ActiveCfg = Debug|Any CPU
		{AFD18809-CF7C-44C3-A58B-2A5D4496E934}.Debug|Any CPU.Build.0 = Debug|Any CPU
		{AFD18809-CF7C-44C3-A58B-2A5D4496E934}.Release|Any CPU.ActiveCfg = Release|Any CPU
		{AFD18809-CF7C-44C3-A58B-2A5D4496E934}.Release|Any CPU.Build.0 = Release|Any CPU
	EndGlobalSection
	GlobalSection(SolutionProperties) = preSolution
		HideSolutionNode = FALSE
	EndGlobalSection
	GlobalSection(ExtensibilityGlobals) = postSolution
		SolutionGuid = {A35C1157-796B-4BE8-BBA4-43B8CEEB2CC2}
	EndGlobalSection
EndGlobal
